// !$*UTF8*$!
{
	archiveVersion = 1;
	classes = {
	};
	objectVersion = 46;
	objects = {

/* Begin PBXBuildFile section */
		A4E7FA101EDEAD1F0035E592 /* AppDelegate.swift in Sources */ = {isa = PBXBuildFile; fileRef = A4E7FA0F1EDEAD1F0035E592 /* AppDelegate.swift */; };
		A4E7FA121EDEAD1F0035E592 /* ViewController.swift in Sources */ = {isa = PBXBuildFile; fileRef = A4E7FA111EDEAD1F0035E592 /* ViewController.swift */; };
		A4E7FA151EDEAD1F0035E592 /* Main.storyboard in Resources */ = {isa = PBXBuildFile; fileRef = A4E7FA131EDEAD1F0035E592 /* Main.storyboard */; };
		A4E7FA171EDEAD1F0035E592 /* Assets.xcassets in Resources */ = {isa = PBXBuildFile; fileRef = A4E7FA161EDEAD1F0035E592 /* Assets.xcassets */; };
		A4E7FA1A1EDEAD1F0035E592 /* LaunchScreen.storyboard in Resources */ = {isa = PBXBuildFile; fileRef = A4E7FA181EDEAD1F0035E592 /* LaunchScreen.storyboard */; };
/* End PBXBuildFile section */

/* Begin PBXFileReference section */
		A4E7FA0C1EDEAD1F0035E592 /* swift体验 (二).app */ = {isa = PBXFileReference; explicitFileType = wrapper.application; includeInIndex = 0; path = "swift体验 (二).app"; sourceTree = BUILT_PRODUCTS_DIR; };
		A4E7FA0F1EDEAD1F0035E592 /* AppDelegate.swift */ = {isa = PBXFileReference; lastKnownFileType = sourcecode.swift; path = AppDelegate.swift; sourceTree = "<group>"; };
		A4E7FA111EDEAD1F0035E592 /* ViewController.swift */ = {isa = PBXFileReference; lastKnownFileType = sourcecode.swift; path = ViewController.swift; sourceTree = "<group>"; };
		A4E7FA141EDEAD1F0035E592 /* Base */ = {isa = PBXFileReference; lastKnownFileType = file.storyboard; name = Base; path = Base.lproj/Main.storyboard; sourceTree = "<group>"; };
		A4E7FA161EDEAD1F0035E592 /* Assets.xcassets */ = {isa = PBXFileReference; lastKnownFileType = folder.assetcatalog; path = Assets.xcassets; sourceTree = "<group>"; };
		A4E7FA191EDEAD1F0035E592 /* Base */ = {isa = PBXFileReference; lastKnownFileType = file.storyboard; name = Base; path = Base.lproj/LaunchScreen.storyboard; sourceTree = "<group>"; };
		A4E7FA1B1EDEAD1F0035E592 /* Info.plist */ = {isa = PBXFileReference; lastKnownFileType = text.plist.xml; path = Info.plist; sourceTree = "<group>"; };
/* End PBXFileReference section */

/* Begin PBXFrameworksBuildPhase section */
		A4E7FA091EDEAD1F0035E592 /* Frameworks */ = {
			isa = PBXFrameworksBuildPhase;
			buildActionMask = 2147483647;
			files = (
			);
			runOnlyForDeploymentPostprocessing = 0;
		};
/* End PBXFrameworksBuildPhase section */

/* Begin PBXGroup section */
		A4E7FA031EDEAD1F0035E592 = {
			isa = PBXGroup;
			children = (
				A4E7FA0E1EDEAD1F0035E592 /* swift体验 (二) */,
				A4E7FA0D1EDEAD1F0035E592 /* Products */,
			);
			sourceTree = "<group>";
		};
		A4E7FA0D1EDEAD1F0035E592 /* Products */ = {
			isa = PBXGroup;
			children = (
				A4E7FA0C1EDEAD1F0035E592 /* swift体验 (二).app */,
			);
			name = Products;
			sourceTree = "<group>";
		};
		A4E7FA0E1EDEAD1F0035E592 /* swift体验 (二) */ = {
			isa = PBXGroup;
			children = (
				A4E7FA0F1EDEAD1F0035E592 /* AppDelegate.swift */,
				A4E7FA111EDEAD1F0035E592 /* ViewController.swift */,
				A4E7FA131EDEAD1F0035E592 /* Main.storyboard */,
				A4E7FA161EDEAD1F0035E592 /* Assets.xcassets */,
				A4E7FA181EDEAD1F0035E592 /* LaunchScreen.storyboard */,
				A4E7FA1B1EDEAD1F0035E592 /* Info.plist */,
			);
			path = "swift体验 (二)";
			sourceTree = "<group>";
		};
/* End PBXGroup section */

/* Begin PBXNativeTarget section */
		A4E7FA0B1EDEAD1F0035E592 /* swift体验 (二) */ = {
			isa = PBXNativeTarget;
			buildConfigurationList = A4E7FA1E1EDEAD1F0035E592 /* Build configuration list for PBXNativeTarget "swift体验 (二)" */;
			buildPhases = (
				A4E7FA081EDEAD1F0035E592 /* Sources */,
				A4E7FA091EDEAD1F0035E592 /* Frameworks */,
				A4E7FA0A1EDEAD1F0035E592 /* Resources */,
			);
			buildRules = (
			);
			dependencies = (
			);
			name = "swift体验 (二)";
			productName = "swift体验 (二)";
			productReference = A4E7FA0C1EDEAD1F0035E592 /* swift体验 (二).app */;
			productType = "com.apple.product-type.application";
		};
/* End PBXNativeTarget section */

/* Begin PBXProject section */
		A4E7FA041EDEAD1F0035E592 /* Project object */ = {
			isa = PBXProject;
			attributes = {
				LastSwiftUpdateCheck = 0830;
				LastUpgradeCheck = 0830;
				ORGANIZATIONNAME = LiJie;
				TargetAttributes = {
					A4E7FA0B1EDEAD1F0035E592 = {
						CreatedOnToolsVersion = 8.3.2;
						ProvisioningStyle = Automatic;
					};
				};
			};
			buildConfigurationList = A4E7FA071EDEAD1F0035E592 /* Build configuration list for PBXProject "swift体验 (二)" */;
			compatibilityVersion = "Xcode 3.2";
			developmentRegion = English;
			hasScannedForEncodings = 0;
			knownRegions = (
				en,
				Base,
			);
			mainGroup = A4E7FA031EDEAD1F0035E592;
			productRefGroup = A4E7FA0D1EDEAD1F0035E592 /* Products */;
			projectDirPath = "";
			projectRoot = "";
			targets = (
				A4E7FA0B1EDEAD1F0035E592 /* swift体验 (二) */,
			);
		};
/* End PBXProject section */

/* Begin PBXResourcesBuildPhase section */
		A4E7FA0A1EDEAD1F0035E592 /* Resources */ = {
			isa = PBXResourcesBuildPhase;
			buildActionMask = 2147483647;
			files = (
				A4E7FA1A1EDEAD1F0035E592 /* LaunchScreen.storyboard in Resources */,
				A4E7FA171EDEAD1F0035E592 /* Assets.xcassets in Resources */,
				A4E7FA151EDEAD1F0035E592 /* Main.storyboard in Resources */,
			);
			runOnlyForDeploymentPostprocessing = 0;
		};
/* End PBXResourcesBuildPhase section */

/* Begin PBXSourcesBuildPhase section */
		A4E7FA081EDEAD1F0035E592 /* Sources */ = {
			isa = PBXSourcesBuildPhase;
			buildActionMask = 2147483647;
			files = (
				A4E7FA121EDEAD1F0035E592 /* ViewController.swift in Sources */,
				A4E7FA101EDEAD1F0035E592 /* AppDelegate.swift in Sources */,
			);
			runOnlyForDeploymentPostprocessing = 0;
		};
/* End PBXSourcesBuildPhase section */

/* Begin PBXVariantGroup section */
		A4E7FA131EDEAD1F0035E592 /* Main.storyboard */ = {
			isa = PBXVariantGroup;
			children = (
				A4E7FA141EDEAD1F0035E592 /* Base */,
			);
			name = Main.storyboard;
			sourceTree = "<group>";
		};
		A4E7FA181EDEAD1F0035E592 /* LaunchScreen.storyboard */ = {
			isa = PBXVariantGroup;
			children = (
				A4E7FA191EDEAD1F0035E592 /* Base */,
			);
			name = LaunchScreen.storyboard;
			sourceTree = "<group>";
		};
/* End PBXVariantGroup section */

/* Begin XCBuildConfiguration section */
		A4E7FA1C1EDEAD1F0035E592 /* Debug */ = {
			isa = XCBuildConfiguration;
			buildSettings = {
				ALWAYS_SEARCH_USER_PATHS = NO;
				CLANG_ANALYZER_NONNULL = YES;
				CLANG_ANALYZER_NUMBER_OBJECT_CONVERSION = YES_AGGRESSIVE;
				CLANG_CXX_LANGUAGE_STANDARD = "gnu++0x";
				CLANG_CXX_LIBRARY = "libc++";
				CLANG_ENABLE_MODULES = YES;
				CLANG_ENABLE_OBJC_ARC = YES;
				CLANG_WARN_BOOL_CONVERSION = YES;
				CLANG_WARN_CONSTANT_CONVERSION = YES;
				CLANG_WARN_DIRECT_OBJC_ISA_USAGE = YES_ERROR;
				CLANG_WARN_DOCUMENTATION_COMMENTS = YES;
				CLANG_WARN_EMPTY_BODY = YES;
				CLANG_WARN_ENUM_CONVERSION = YES;
				CLANG_WARN_INFINITE_RECURSION = YES;
				CLANG_WARN_INT_CONVERSION = YES;
				CLANG_WARN_OBJC_ROOT_CLASS = YES_ERROR;
				CLANG_WARN_SUSPICIOUS_MOVE = YES;
				CLANG_WARN_UNREACHABLE_CODE = YES;
				CLANG_WARN__DUPLICATE_METHOD_MATCH = YES;
				"CODE_SIGN_IDENTITY[sdk=iphoneos*]" = "iPhone Developer";
				COPY_PHASE_STRIP = NO;
				DEBUG_INFORMATION_FORMAT = dwarf;
				ENABLE_STRICT_OBJC_MSGSEND = YES;
				ENABLE_TESTABILITY = YES;
				GCC_C_LANGUAGE_STANDARD = gnu99;
				GCC_DYNAMIC_NO_PIC = NO;
				GCC_NO_COMMON_BLOCKS = YES;
				GCC_OPTIMIZATION_LEVEL = 0;
				GCC_PREPROCESSOR_DEFINITIONS = (
					"DEBUG=1",
					"$(inherited)",
				);
				GCC_WARN_64_TO_32_BIT_CONVERSION = YES;
				GCC_WARN_ABOUT_RETURN_TYPE = YES_ERROR;
				GCC_WARN_UNDECLARED_SELECTOR = YES;
				GCC_WARN_UNINITIALIZED_AUTOS = YES_AGGRESSIVE;
				GCC_WARN_UNUSED_FUNCTION = YES;
				GCC_WARN_UNUSED_VARIABLE = YES;
				IPHONEOS_DEPLOYMENT_TARGET = 10.3;
				MTL_ENABLE_DEBUG_INFO = YES;
				ONLY_ACTIVE_ARCH = YES;
				SDKROOT = iphoneos;
				SWIFT_ACTIVE_COMPILATION_CONDITIONS = DEBUG;
				SWIFT_OPTIMIZATION_LEVEL = "-Onone";
			};
			name = Debug;
		};
		A4E7FA1D1EDEAD1F0035E592 /* Release */ = {
			isa = XCBuildConfiguration;
			buildSettings = {
				ALWAYS_SEARCH_USER_PATHS = NO;
				CLANG_ANALYZER_NONNULL = YES;
				CLANG_ANALYZER_NUMBER_OBJECT_CONVERSION = YES_AGGRESSIVE;
				CLANG_CXX_LANGUAGE_STANDARD = "gnu++0x";
				CLANG_CXX_LIBRARY = "libc++";
				CLANG_ENABLE_MODULES = YES;
				CLANG_ENABLE_OBJC_ARC = YES;
				CLANG_WARN_BOOL_CONVERSION = YES;
				CLANG_WARN_CONSTANT_CONVERSION = YES;
				CLANG_WARN_DIRECT_OBJC_ISA_USAGE = YES_ERROR;
				CLANG_WARN_DOCUMENTATION_COMMENTS = YES;
				CLANG_WARN_EMPTY_BODY = YES;
				CLANG_WARN_ENUM_CONVERSION = YES;
				CLANG_WARN_INFINITE_RECURSION = YES;
				CLANG_WARN_INT_CONVERSION = YES;
				CLANG_WARN_OBJC_ROOT_CLASS = YES_ERROR;
				CLANG_WARN_SUSPICIOUS_MOVE = YES;
				CLANG_WARN_UNREACHABLE_CODE = YES;
				CLANG_WARN__DUPLICATE_METHOD_MATCH = YES;
				"CODE_SIGN_IDENTITY[sdk=iphoneos*]" = "iPhone Developer";
				COPY_PHASE_STRIP = NO;
				DEBUG_INFORMATION_FORMAT = "dwarf-with-dsym";
				ENABLE_NS_ASSERTIONS = NO;
				ENABLE_STRICT_OBJC_MSGSEND = YES;
				GCC_C_LANGUAGE_STANDARD = gnu99;
				GCC_NO_COMMON_BLOCKS = YES;
				GCC_WARN_64_TO_32_BIT_CONVERSION = YES;
				GCC_WARN_ABOUT_RETURN_TYPE = YES_ERROR;
				GCC_WARN_UNDECLARED_SELECTOR = YES;
				GCC_WARN_UNINITIALIZED_AUTOS = YES_AGGRESSIVE;
				GCC_WARN_UNUSED_FUNCTION = YES;
				GCC_WARN_UNUSED_VARIABLE = YES;
				IPHONEOS_DEPLOYMENT_TARGET = 10.3;
				MTL_ENABLE_DEBUG_INFO = NO;
				SDKROOT = iphoneos;
				SWIFT_OPTIMIZATION_LEVEL = "-Owholemodule";
				VALIDATE_PRODUCT = YES;
			};
			name = Release;
		};
		A4E7FA1F1EDEAD1F0035E592 /* Debug */ = {
			isa = XCBuildConfiguration;
			buildSettings = {
				ASSETCATALOG_COMPILER_APPICON_NAME = AppIcon;
				INFOPLIST_FILE = "swift体验 (二)/Info.plist";
				LD_RUNPATH_SEARCH_PATHS = "$(inherited) @executable_path/Frameworks";
				PRODUCT_BUNDLE_IDENTIFIER = "LiJie.swift------";
				PRODUCT_NAME = "$(TARGET_NAME)";
				SWIFT_VERSION = 3.0;
			};
			name = Debug;
		};
		A4E7FA201EDEAD1F0035E592 /* Release */ = {
			isa = XCBuildConfiguration;
			buildSettings = {
				ASSETCATALOG_COMPILER_APPICON_NAME = AppIcon;
				INFOPLIST_FILE = "swift体验 (二)/Info.plist";
				LD_RUNPATH_SEARCH_PATHS = "$(inherited) @executable_path/Frameworks";
				PRODUCT_BUNDLE_IDENTIFIER = "LiJie.swift------";
				PRODUCT_NAME = "$(TARGET_NAME)";
				SWIFT_VERSION = 3.0;
			};
			name = Release;
		};
/* End XCBuildConfiguration section */

/* Begin XCConfigurationList section */
		A4E7FA071EDEAD1F0035E592 /* Build configuration list for PBXProject "swift体验 (二)" */ = {
			isa = XCConfigurationList;
			buildConfigurations = (
				A4E7FA1C1EDEAD1F0035E592 /* Debug */,
				A4E7FA1D1EDEAD1F0035E592 /* Release */,
			);
			defaultConfigurationIsVisible = 0;
			defaultConfigurationName = Release;
		};
		A4E7FA1E1EDEAD1F0035E592 /* Build configuration list for PBXNativeTarget "swift体验 (二)" */ = {
			isa = XCConfigurationList;
			buildConfigurations = (
				A4E7FA1F1EDEAD1F0035E592 /* Debug */,
				A4E7FA201EDEAD1F0035E592 /* Release */,
			);
			defaultConfigurationIsVisible = 0;
		};
/* End XCConfigurationList section */
	};
	rootObject = A4E7FA041EDEAD1F0035E592 /* Project object */;
}
